// !$*UTF8*$!
{
	archiveVersion = 1;
	classes = {
	};
	objectVersion = 50;
	objects = {

/* Begin PBXBuildFile section */
		EBE2A0F12461C8A300C5A57F /* AppDelegate.swift in Sources */ = {isa = PBXBuildFile; fileRef = EBE2A0F02461C8A300C5A57F /* AppDelegate.swift */; };
		EBE2A0F32461C8A300C5A57F /* SceneDelegate.swift in Sources */ = {isa = PBXBuildFile; fileRef = EBE2A0F22461C8A300C5A57F /* SceneDelegate.swift */; };
		EBE2A0F52461C8A300C5A57F /* ViewController.swift in Sources */ = {isa = PBXBuildFile; fileRef = EBE2A0F42461C8A300C5A57F /* ViewController.swift */; };
		EBE2A0F82461C8A300C5A57F /* Main.storyboard in Resources */ = {isa = PBXBuildFile; fileRef = EBE2A0F62461C8A300C5A57F /* Main.storyboard */; };
		EBE2A0FA2461C8AA00C5A57F /* Assets.xcassets in Resources */ = {isa = PBXBuildFile; fileRef = EBE2A0F92461C8AA00C5A57F /* Assets.xcassets */; };
		EBE2A0FD2461C8AA00C5A57F /* LaunchScreen.storyboard in Resources */ = {isa = PBXBuildFile; fileRef = EBE2A0FB2461C8AA00C5A57F /* LaunchScreen.storyboard */; };
/* End PBXBuildFile section */

/* Begin PBXFileReference section */
		EBE2A0ED2461C8A300C5A57F /* find-crew.app */ = {isa = PBXFileReference; explicitFileType = wrapper.application; includeInIndex = 0; path = "find-crew.app"; sourceTree = BUILT_PRODUCTS_DIR; };
		EBE2A0F02461C8A300C5A57F /* AppDelegate.swift */ = {isa = PBXFileReference; lastKnownFileType = sourcecode.swift; path = AppDelegate.swift; sourceTree = "<group>"; };
		EBE2A0F22461C8A300C5A57F /* SceneDelegate.swift */ = {isa = PBXFileReference; lastKnownFileType = sourcecode.swift; path = SceneDelegate.swift; sourceTree = "<group>"; };
		EBE2A0F42461C8A300C5A57F /* ViewController.swift */ = {isa = PBXFileReference; lastKnownFileType = sourcecode.swift; path = ViewController.swift; sourceTree = "<group>"; };
		EBE2A0F72461C8A300C5A57F /* Base */ = {isa = PBXFileReference; lastKnownFileType = file.storyboard; name = Base; path = Base.lproj/Main.storyboard; sourceTree = "<group>"; };
		EBE2A0F92461C8AA00C5A57F /* Assets.xcassets */ = {isa = PBXFileReference; lastKnownFileType = folder.assetcatalog; path = Assets.xcassets; sourceTree = "<group>"; };
		EBE2A0FC2461C8AA00C5A57F /* Base */ = {isa = PBXFileReference; lastKnownFileType = file.storyboard; name = Base; path = Base.lproj/LaunchScreen.storyboard; sourceTree = "<group>"; };
		EBE2A0FE2461C8AA00C5A57F /* Info.plist */ = {isa = PBXFileReference; lastKnownFileType = text.plist.xml; path = Info.plist; sourceTree = "<group>"; };
/* End PBXFileReference section */

/* Begin PBXFrameworksBuildPhase section */
		EBE2A0EA2461C8A300C5A57F /* Frameworks */ = {
			isa = PBXFrameworksBuildPhase;
			buildActionMask = 2147483647;
			files = (
			);
			runOnlyForDeploymentPostprocessing = 0;
		};
/* End PBXFrameworksBuildPhase section */

/* Begin PBXGroup section */
		EBE2A0E42461C8A300C5A57F = {
			isa = PBXGroup;
			children = (
				EBE2A0EF2461C8A300C5A57F /* find-crew */,
				EBE2A0EE2461C8A300C5A57F /* Products */,
			);
			sourceTree = "<group>";
		};
		EBE2A0EE2461C8A300C5A57F /* Products */ = {
			isa = PBXGroup;
			children = (
				EBE2A0ED2461C8A300C5A57F /* find-crew.app */,
			);
			name = Products;
			sourceTree = "<group>";
		};
		EBE2A0EF2461C8A300C5A57F /* find-crew */ = {
			isa = PBXGroup;
			children = (
				EBE2A0F02461C8A300C5A57F /* AppDelegate.swift */,
				EBE2A0F22461C8A300C5A57F /* SceneDelegate.swift */,
				EBE2A0F42461C8A300C5A57F /* ViewController.swift */,
				EBE2A0F62461C8A300C5A57F /* Main.storyboard */,
				EBE2A0F92461C8AA00C5A57F /* Assets.xcassets */,
				EBE2A0FB2461C8AA00C5A57F /* LaunchScreen.storyboard */,
				EBE2A0FE2461C8AA00C5A57F /* Info.plist */,
			);
			path = "find-crew";
			sourceTree = "<group>";
		};
/* End PBXGroup section */

/* Begin PBXNativeTarget section */
		EBE2A0EC2461C8A300C5A57F /* find-crew */ = {
			isa = PBXNativeTarget;
			buildConfigurationList = EBE2A1012461C8AA00C5A57F /* Build configuration list for PBXNativeTarget "find-crew" */;
			buildPhases = (
				EBE2A0E92461C8A300C5A57F /* Sources */,
				EBE2A0EA2461C8A300C5A57F /* Frameworks */,
				EBE2A0EB2461C8A300C5A57F /* Resources */,
			);
			buildRules = (
			);
			dependencies = (
			);
			name = "find-crew";
			productName = "find-crew";
			productReference = EBE2A0ED2461C8A300C5A57F /* find-crew.app */;
			productType = "com.apple.product-type.application";
		};
/* End PBXNativeTarget section */

/* Begin PBXProject section */
		EBE2A0E52461C8A300C5A57F /* Project object */ = {
			isa = PBXProject;
			attributes = {
				LastSwiftUpdateCheck = 1140;
				LastUpgradeCheck = 1140;
				ORGANIZATIONNAME = "Iyin Raphael";
				TargetAttributes = {
					EBE2A0EC2461C8A300C5A57F = {
						CreatedOnToolsVersion = 11.4;
					};
				};
			};
			buildConfigurationList = EBE2A0E82461C8A300C5A57F /* Build configuration list for PBXProject "find-crew" */;
			compatibilityVersion = "Xcode 9.3";
			developmentRegion = en;
			hasScannedForEncodings = 0;
			knownRegions = (
				en,
				Base,
			);
			mainGroup = EBE2A0E42461C8A300C5A57F;
			productRefGroup = EBE2A0EE2461C8A300C5A57F /* Products */;
			projectDirPath = "";
			projectRoot = "";
			targets = (
				EBE2A0EC2461C8A300C5A57F /* find-crew */,
			);
		};
/* End PBXProject section */

/* Begin PBXResourcesBuildPhase section */
		EBE2A0EB2461C8A300C5A57F /* Resources */ = {
			isa = PBXResourcesBuildPhase;
			buildActionMask = 2147483647;
			files = (
				EBE2A0FD2461C8AA00C5A57F /* LaunchScreen.storyboard in Resources */,
				EBE2A0FA2461C8AA00C5A57F /* Assets.xcassets in Resources */,
				EBE2A0F82461C8A300C5A57F /* Main.storyboard in Resources */,
			);
			runOnlyForDeploymentPostprocessing = 0;
		};
/* End PBXResourcesBuildPhase section */

/* Begin PBXSourcesBuildPhase section */
		EBE2A0E92461C8A300C5A57F /* Sources */ = {
			isa = PBXSourcesBuildPhase;
			buildActionMask = 2147483647;
			files = (
				EBE2A0F52461C8A300C5A57F /* ViewController.swift in Sources */,
				EBE2A0F12461C8A300C5A57F /* AppDelegate.swift in Sources */,
				EBE2A0F32461C8A300C5A57F /* SceneDelegate.swift in Sources */,
			);
			runOnlyForDeploymentPostprocessing = 0;
		};
/* End PBXSourcesBuildPhase section */

/* Begin PBXVariantGroup section */
		EBE2A0F62461C8A300C5A57F /* Main.storyboard */ = {
			isa = PBXVariantGroup;
			children = (
				EBE2A0F72461C8A300C5A57F /* Base */,
			);
			name = Main.storyboard;
			sourceTree = "<group>";
		};
		EBE2A0FB2461C8AA00C5A57F /* LaunchScreen.storyboard */ = {
			isa = PBXVariantGroup;
			children = (
				EBE2A0FC2461C8AA00C5A57F /* Base */,
			);
			name = LaunchScreen.storyboard;
			sourceTree = "<group>";
		};
/* End PBXVariantGroup section */

/* Begin XCBuildConfiguration section */
		EBE2A0FF2461C8AA00C5A57F /* Debug */ = {
			isa = XCBuildConfiguration;
			buildSettings = {
				ALWAYS_SEARCH_USER_PATHS = NO;
				CLANG_ANALYZER_NONNULL = YES;
				CLANG_ANALYZER_NUMBER_OBJECT_CONVERSION = YES_AGGRESSIVE;
				CLANG_CXX_LANGUAGE_STANDARD = "gnu++14";
				CLANG_CXX_LIBRARY = "libc++";
				CLANG_ENABLE_MODULES = YES;
				CLANG_ENABLE_OBJC_ARC = YES;
				CLANG_ENABLE_OBJC_WEAK = YES;
				CLANG_WARN_BLOCK_CAPTURE_AUTORELEASING = YES;
				CLANG_WARN_BOOL_CONVERSION = YES;
				CLANG_WARN_COMMA = YES;
				CLANG_WARN_CONSTANT_CONVERSION = YES;
				CLANG_WARN_DEPRECATED_OBJC_IMPLEMENTATIONS = YES;
				CLANG_WARN_DIRECT_OBJC_ISA_USAGE = YES_ERROR;
				CLANG_WARN_DOCUMENTATION_COMMENTS = YES;
				CLANG_WARN_EMPTY_BODY = YES;
				CLANG_WARN_ENUM_CONVERSION = YES;
				CLANG_WARN_INFINITE_RECURSION = YES;
				CLANG_WARN_INT_CONVERSION = YES;
				CLANG_WARN_NON_LITERAL_NULL_CONVERSION = YES;
				CLANG_WARN_OBJC_IMPLICIT_RETAIN_SELF = YES;
				CLANG_WARN_OBJC_LITERAL_CONVERSION = YES;
				CLANG_WARN_OBJC_ROOT_CLASS = YES_ERROR;
				CLANG_WARN_RANGE_LOOP_ANALYSIS = YES;
				CLANG_WARN_STRICT_PROTOTYPES = YES;
				CLANG_WARN_SUSPICIOUS_MOVE = YES;
				CLANG_WARN_UNGUARDED_AVAILABILITY = YES_AGGRESSIVE;
				CLANG_WARN_UNREACHABLE_CODE = YES;
				CLANG_WARN__DUPLICATE_METHOD_MATCH = YES;
				COPY_PHASE_STRIP = NO;
				DEBUG_INFORMATION_FORMAT = dwarf;
				ENABLE_STRICT_OBJC_MSGSEND = YES;
				ENABLE_TESTABILITY = YES;
				GCC_C_LANGUAGE_STANDARD = gnu11;
				GCC_DYNAMIC_NO_PIC = NO;
				GCC_NO_COMMON_BLOCKS = YES;
				GCC_OPTIMIZATION_LEVEL = 0;
				GCC_PREPROCESSOR_DEFINITIONS = (
					"DEBUG=1",
					"$(inherited)",
				);
				GCC_WARN_64_TO_32_BIT_CONVERSION = YES;
				GCC_WARN_ABOUT_RETURN_TYPE = YES_ERROR;
				GCC_WARN_UNDECLARED_SELECTOR = YES;
				GCC_WARN_UNINITIALIZED_AUTOS = YES_AGGRESSIVE;
				GCC_WARN_UNUSED_FUNCTION = YES;
				GCC_WARN_UNUSED_VARIABLE = YES;
				IPHONEOS_DEPLOYMENT_TARGET = 13.4;
				MTL_ENABLE_DEBUG_INFO = INCLUDE_SOURCE;
				MTL_FAST_MATH = YES;
				ONLY_ACTIVE_ARCH = YES;
				SDKROOT = iphoneos;
				SWIFT_ACTIVE_COMPILATION_CONDITIONS = DEBUG;
				SWIFT_OPTIMIZATION_LEVEL = "-Onone";
			};
			name = Debug;
		};
		EBE2A1002461C8AA00C5A57F /* Release */ = {
			isa = XCBuildConfiguration;
			buildSettings = {
				ALWAYS_SEARCH_USER_PATHS = NO;
				CLANG_ANALYZER_NONNULL = YES;
				CLANG_ANALYZER_NUMBER_OBJECT_CONVERSION = YES_AGGRESSIVE;
				CLANG_CXX_LANGUAGE_STANDARD = "gnu++14";
				CLANG_CXX_LIBRARY = "libc++";
				CLANG_ENABLE_MODULES = YES;
				CLANG_ENABLE_OBJC_ARC = YES;
				CLANG_ENABLE_OBJC_WEAK = YES;
				CLANG_WARN_BLOCK_CAPTURE_AUTORELEASING = YES;
				CLANG_WARN_BOOL_CONVERSION = YES;
				CLANG_WARN_COMMA = YES;
				CLANG_WARN_CONSTANT_CONVERSION = YES;
				CLANG_WARN_DEPRECATED_OBJC_IMPLEMENTATIONS = YES;
				CLANG_WARN_DIRECT_OBJC_ISA_USAGE = YES_ERROR;
				CLANG_WARN_DOCUMENTATION_COMMENTS = YES;
				CLANG_WARN_EMPTY_BODY = YES;
				CLANG_WARN_ENUM_CONVERSION = YES;
				CLANG_WARN_INFINITE_RECURSION = YES;
				CLANG_WARN_INT_CONVERSION = YES;
				CLANG_WARN_NON_LITERAL_NULL_CONVERSION = YES;
				CLANG_WARN_OBJC_IMPLICIT_RETAIN_SELF = YES;
				CLANG_WARN_OBJC_LITERAL_CONVERSION = YES;
				CLANG_WARN_OBJC_ROOT_CLASS = YES_ERROR;
				CLANG_WARN_RANGE_LOOP_ANALYSIS = YES;
				CLANG_WARN_STRICT_PROTOTYPES = YES;
				CLANG_WARN_SUSPICIOUS_MOVE = YES;
				CLANG_WARN_UNGUARDED_AVAILABILITY = YES_AGGRESSIVE;
				CLANG_WARN_UNREACHABLE_CODE = YES;
				CLANG_WARN__DUPLICATE_METHOD_MATCH = YES;
				COPY_PHASE_STRIP = NO;
				DEBUG_INFORMATION_FORMAT = "dwarf-with-dsym";
				ENABLE_NS_ASSERTIONS = NO;
				ENABLE_STRICT_OBJC_MSGSEND = YES;
				GCC_C_LANGUAGE_STANDARD = gnu11;
				GCC_NO_COMMON_BLOCKS = YES;
				GCC_WARN_64_TO_32_BIT_CONVERSION = YES;
				GCC_WARN_ABOUT_RETURN_TYPE = YES_ERROR;
				GCC_WARN_UNDECLARED_SELECTOR = YES;
				GCC_WARN_UNINITIALIZED_AUTOS = YES_AGGRESSIVE;
				GCC_WARN_UNUSED_FUNCTION = YES;
				GCC_WARN_UNUSED_VARIABLE = YES;
				IPHONEOS_DEPLOYMENT_TARGET = 13.4;
				MTL_ENABLE_DEBUG_INFO = NO;
				MTL_FAST_MATH = YES;
				SDKROOT = iphoneos;
				SWIFT_COMPILATION_MODE = wholemodule;
				SWIFT_OPTIMIZATION_LEVEL = "-O";
				VALIDATE_PRODUCT = YES;
			};
			name = Release;
		};
		EBE2A1022461C8AA00C5A57F /* Debug */ = {
			isa = XCBuildConfiguration;
			buildSettings = {
				ASSETCATALOG_COMPILER_APPICON_NAME = AppIcon;
				CODE_SIGN_STYLE = Automatic;
				INFOPLIST_FILE = "find-crew/Info.plist";
				LD_RUNPATH_SEARCH_PATHS = (
					"$(inherited)",
					"@executable_path/Frameworks",
				);
				PRODUCT_BUNDLE_IDENTIFIER = "com.iyinraphael.find-crew";
				PRODUCT_NAME = "$(TARGET_NAME)";
				SWIFT_VERSION = 5.0;
				TARGETED_DEVICE_FAMILY = "1,2";
			};
			name = Debug;
		};
		EBE2A1032461C8AA00C5A57F /* Release */ = {
			isa = XCBuildConfiguration;
			buildSettings = {
				ASSETCATALOG_COMPILER_APPICON_NAME = AppIcon;
				CODE_SIGN_STYLE = Automatic;
				INFOPLIST_FILE = "find-crew/Info.plist";
				LD_RUNPATH_SEARCH_PATHS = (
					"$(inherited)",
					"@executable_path/Frameworks",
				);
				PRODUCT_BUNDLE_IDENTIFIER = "com.iyinraphael.find-crew";
				PRODUCT_NAME = "$(TARGET_NAME)";
				SWIFT_VERSION = 5.0;
				TARGETED_DEVICE_FAMILY = "1,2";
			};
			name = Release;
		};
/* End XCBuildConfiguration section */

/* Begin XCConfigurationList section */
		EBE2A0E82461C8A300C5A57F /* Build configuration list for PBXProject "find-crew" */ = {
			isa = XCConfigurationList;
			buildConfigurations = (
				EBE2A0FF2461C8AA00C5A57F /* Debug */,
				EBE2A1002461C8AA00C5A57F /* Release */,
			);
			defaultConfigurationIsVisible = 0;
			defaultConfigurationName = Release;
		};
		EBE2A1012461C8AA00C5A57F /* Build configuration list for PBXNativeTarget "find-crew" */ = {
			isa = XCConfigurationList;
			buildConfigurations = (
				EBE2A1022461C8AA00C5A57F /* Debug */,
				EBE2A1032461C8AA00C5A57F /* Release */,
			);
			defaultConfigurationIsVisible = 0;
			defaultConfigurationName = Release;
		};
/* End XCConfigurationList section */
	};
	rootObject = EBE2A0E52461C8A300C5A57F /* Project object */;
}
